
Microsoft Visual Studio Solution File, Format Version 12.00
# Visual Studio Version 17
VisualStudioVersion = 17.7.34031.279
MinimumVisualStudioVersion = 10.0.40219.1
Project("{FAE04EC0-301F-11D3-BF4B-00C04F79EFBC}") = "Exercise 1", "Exercise 1\Exercise 1.csproj", "{D8CF4031-AC45-4514-A806-180915884159}"
EndProject
Project("{FAE04EC0-301F-11D3-BF4B-00C04F79EFBC}") = "Exercise 2", "Exercise 2\Exercise 2.csproj", "{8C23F8F7-60C9-4CEC-9551-E80F418BE9E2}"
EndProject
Global
	GlobalSection(SolutionConfigurationPlatforms) = preSolution
		Debug|Any CPU = Debug|Any CPU
		Release|Any CPU = Release|Any CPU
	EndGlobalSection
	GlobalSection(ProjectConfigurationPlatforms) = postSolution
		{D8CF4031-AC45-4514-A806-180915884159}.Debug|Any CPU.ActiveCfg = Debug|Any CPU
		{D8CF4031-AC45-4514-A806-180915884159}.Debug|Any CPU.Build.0 = Debug|Any CPU
		{D8CF4031-AC45-4514-A806-180915884159}.Release|Any CPU.ActiveCfg = Release|Any CPU
		{D8CF4031-AC45-4514-A806-180915884159}.Release|Any CPU.Build.0 = Release|Any CPU
		{8C23F8F7-60C9-4CEC-9551-E80F418BE9E2}.Debug|Any CPU.ActiveCfg = Debug|Any CPU
		{8C23F8F7-60C9-4CEC-9551-E80F418BE9E2}.Debug|Any CPU.Build.0 = Debug|Any CPU
		{8C23F8F7-60C9-4CEC-9551-E80F418BE9E2}.Release|Any CPU.ActiveCfg = Release|Any CPU
		{8C23F8F7-60C9-4CEC-9551-E80F418BE9E2}.Release|Any CPU.Build.0 = Release|Any CPU
	EndGlobalSection
	GlobalSection(SolutionProperties) = preSolution
		HideSolutionNode = FALSE
	EndGlobalSection
	GlobalSection(ExtensibilityGlobals) = postSolution
		SolutionGuid = {A95A95B1-BDAE-49C5-8DA3-A1E34BA4BBF1}
	EndGlobalSection
EndGlobal
