
Microsoft Visual Studio Solution File, Format Version 12.00
# Visual Studio Version 17
VisualStudioVersion = 17.7.34031.279
MinimumVisualStudioVersion = 10.0.40219.1
Project("{FAE04EC0-301F-11D3-BF4B-00C04F79EFBC}") = "Exercise 1", "Exercise 1\Exercise 1.csproj", "{5E7FE7DF-141D-4540-86C8-F6A0EB999777}"
EndProject
Project("{FAE04EC0-301F-11D3-BF4B-00C04F79EFBC}") = "Exercise 2", "Exercise 2\Exercise 2.csproj", "{DC1B7431-0445-4309-BDC2-2DDBB7EA935A}"
EndProject
Project("{FAE04EC0-301F-11D3-BF4B-00C04F79EFBC}") = "Exercise 3", "Exercise 3\Exercise 3.csproj", "{F9B21878-3BD5-4F7F-989C-12CAD8EBED64}"
EndProject
Project("{FAE04EC0-301F-11D3-BF4B-00C04F79EFBC}") = "Exercise 4", "Exercise 4\Exercise 4.csproj", "{4107DC79-B449-4F1E-82A8-E7B468095BFA}"
EndProject
Project("{FAE04EC0-301F-11D3-BF4B-00C04F79EFBC}") = "Exercise 5", "Exercise 5\Exercise 5.csproj", "{4DF78702-CE0B-45F9-98BB-BA2CD99003E6}"
EndProject
Project("{FAE04EC0-301F-11D3-BF4B-00C04F79EFBC}") = "Exercise 6", "Exercise 6\Exercise 6.csproj", "{B8E8D09D-829D-427E-B86D-5FA8D9A2CC37}"
EndProject
Global
	GlobalSection(SolutionConfigurationPlatforms) = preSolution
		Debug|Any CPU = Debug|Any CPU
		Release|Any CPU = Release|Any CPU
	EndGlobalSection
	GlobalSection(ProjectConfigurationPlatforms) = postSolution
		{5E7FE7DF-141D-4540-86C8-F6A0EB999777}.Debug|Any CPU.ActiveCfg = Debug|Any CPU
		{5E7FE7DF-141D-4540-86C8-F6A0EB999777}.Debug|Any CPU.Build.0 = Debug|Any CPU
		{5E7FE7DF-141D-4540-86C8-F6A0EB999777}.Release|Any CPU.ActiveCfg = Release|Any CPU
		{5E7FE7DF-141D-4540-86C8-F6A0EB999777}.Release|Any CPU.Build.0 = Release|Any CPU
		{DC1B7431-0445-4309-BDC2-2DDBB7EA935A}.Debug|Any CPU.ActiveCfg = Debug|Any CPU
		{DC1B7431-0445-4309-BDC2-2DDBB7EA935A}.Debug|Any CPU.Build.0 = Debug|Any CPU
		{DC1B7431-0445-4309-BDC2-2DDBB7EA935A}.Release|Any CPU.ActiveCfg = Release|Any CPU
		{DC1B7431-0445-4309-BDC2-2DDBB7EA935A}.Release|Any CPU.Build.0 = Release|Any CPU
		{F9B21878-3BD5-4F7F-989C-12CAD8EBED64}.Debug|Any CPU.ActiveCfg = Debug|Any CPU
		{F9B21878-3BD5-4F7F-989C-12CAD8EBED64}.Debug|Any CPU.Build.0 = Debug|Any CPU
		{F9B21878-3BD5-4F7F-989C-12CAD8EBED64}.Release|Any CPU.ActiveCfg = Release|Any CPU
		{F9B21878-3BD5-4F7F-989C-12CAD8EBED64}.Release|Any CPU.Build.0 = Release|Any CPU
		{4107DC79-B449-4F1E-82A8-E7B468095BFA}.Debug|Any CPU.ActiveCfg = Debug|Any CPU
		{4107DC79-B449-4F1E-82A8-E7B468095BFA}.Debug|Any CPU.Build.0 = Debug|Any CPU
		{4107DC79-B449-4F1E-82A8-E7B468095BFA}.Release|Any CPU.ActiveCfg = Release|Any CPU
		{4107DC79-B449-4F1E-82A8-E7B468095BFA}.Release|Any CPU.Build.0 = Release|Any CPU
		{4DF78702-CE0B-45F9-98BB-BA2CD99003E6}.Debug|Any CPU.ActiveCfg = Debug|Any CPU
		{4DF78702-CE0B-45F9-98BB-BA2CD99003E6}.Debug|Any CPU.Build.0 = Debug|Any CPU
		{4DF78702-CE0B-45F9-98BB-BA2CD99003E6}.Release|Any CPU.ActiveCfg = Release|Any CPU
		{4DF78702-CE0B-45F9-98BB-BA2CD99003E6}.Release|Any CPU.Build.0 = Release|Any CPU
		{B8E8D09D-829D-427E-B86D-5FA8D9A2CC37}.Debug|Any CPU.ActiveCfg = Debug|Any CPU
		{B8E8D09D-829D-427E-B86D-5FA8D9A2CC37}.Debug|Any CPU.Build.0 = Debug|Any CPU
		{B8E8D09D-829D-427E-B86D-5FA8D9A2CC37}.Release|Any CPU.ActiveCfg = Release|Any CPU
		{B8E8D09D-829D-427E-B86D-5FA8D9A2CC37}.Release|Any CPU.Build.0 = Release|Any CPU
	EndGlobalSection
	GlobalSection(SolutionProperties) = preSolution
		HideSolutionNode = FALSE
	EndGlobalSection
	GlobalSection(ExtensibilityGlobals) = postSolution
		SolutionGuid = {50D3FB9A-7491-4BE0-842A-5FC97EFFB7BF}
	EndGlobalSection
EndGlobal
