
Microsoft Visual Studio Solution File, Format Version 12.00
# Visual Studio Version 17
VisualStudioVersion = 17.7.34031.279
MinimumVisualStudioVersion = 10.0.40219.1
Project("{FAE04EC0-301F-11D3-BF4B-00C04F79EFBC}") = "Exercise 1", "Exercise 1\Exercise 1.csproj", "{88E1E1CC-CE2A-4DCA-A98C-7E0A909D1031}"
EndProject
Global
	GlobalSection(SolutionConfigurationPlatforms) = preSolution
		Debug|Any CPU = Debug|Any CPU
		Release|Any CPU = Release|Any CPU
	EndGlobalSection
	GlobalSection(ProjectConfigurationPlatforms) = postSolution
		{88E1E1CC-CE2A-4DCA-A98C-7E0A909D1031}.Debug|Any CPU.ActiveCfg = Debug|Any CPU
		{88E1E1CC-CE2A-4DCA-A98C-7E0A909D1031}.Debug|Any CPU.Build.0 = Debug|Any CPU
		{88E1E1CC-CE2A-4DCA-A98C-7E0A909D1031}.Release|Any CPU.ActiveCfg = Release|Any CPU
		{88E1E1CC-CE2A-4DCA-A98C-7E0A909D1031}.Release|Any CPU.Build.0 = Release|Any CPU
	EndGlobalSection
	GlobalSection(SolutionProperties) = preSolution
		HideSolutionNode = FALSE
	EndGlobalSection
	GlobalSection(ExtensibilityGlobals) = postSolution
		SolutionGuid = {BF1AF911-F496-4DF6-A9D4-7AB3F1BD0FC6}
	EndGlobalSection
EndGlobal
